
Microsoft Visual Studio Solution File, Format Version 12.00
# Visual Studio Version 16
VisualStudioVersion = 16.0.33130.400
MinimumVisualStudioVersion = 10.0.40219.1
Project("{FAE04EC0-301F-11D3-BF4B-00C04F79EFBC}") = "MyFinancialCrm", "MyFinancialCrm\MyFinancialCrm.csproj", "{58BB2450-577E-418A-AB44-3ED25030BFE4}"
EndProject
Global
	GlobalSection(SolutionConfigurationPlatforms) = preSolution
		Debug|Any CPU = Debug|Any CPU
		Release|Any CPU = Release|Any CPU
	EndGlobalSection
	GlobalSection(ProjectConfigurationPlatforms) = postSolution
		{58BB2450-577E-418A-AB44-3ED25030BFE4}.Debug|Any CPU.ActiveCfg = Debug|Any CPU
		{58BB2450-577E-418A-AB44-3ED25030BFE4}.Debug|Any CPU.Build.0 = Debug|Any CPU
		{58BB2450-577E-418A-AB44-3ED25030BFE4}.Release|Any CPU.ActiveCfg = Release|Any CPU
		{58BB2450-577E-418A-AB44-3ED25030BFE4}.Release|Any CPU.Build.0 = Release|Any CPU
	EndGlobalSection
	GlobalSection(SolutionProperties) = preSolution
		HideSolutionNode = FALSE
	EndGlobalSection
	GlobalSection(ExtensibilityGlobals) = postSolution
		SolutionGuid = {33344AA2-AD6F-4BFB-88BE-CEA957B7F108}
	EndGlobalSection
EndGlobal
